<?xml version="1.0" encoding="utf-8"?>
<Project ToolsVersion="4.0" xmlns="http://schemas.microsoft.com/developer/msbuild/2003">
  <ItemGroup>
    <Filter Include="Source Files">
      <UniqueIdentifier>{4FC737F1-C7A5-4376-A066-2A32D752A2FF}</UniqueIdentifier>
      <Extensions>cpp;c;cc;cxx;def;odl;idl;hpj;bat;asm;asmx</Extensions>
    </Filter>
    <Filter Include="Header Files">
      <UniqueIdentifier>{93995380-89BD-4b04-88EB-625FBE52EBFB}</UniqueIdentifier>
      <Extensions>h;hpp;hxx;hm;inl;inc;xsd</Extensions>
    </Filter>
    <Filter Include="Resource Files">
      <UniqueIdentifier>{67DA6AB6-F800-4c08-8B7A-83BB121AAD01}</UniqueIdentifier>
      <Extensions>rc;ico;cur;bmp;dlg;rc2;rct;bin;rgs;gif;jpg;jpeg;jpe;resx;tiff;tif;png;wav;mfcribbon-ms</Extensions>
    </Filter>
    <Filter Include="Header Files\include">
      <UniqueIdentifier>{d0477a4f-5dd8-4742-8b21-b49e8ea46017}</UniqueIdentifier>
    </Filter>
    <Filter Include="Header Files\include\json">
      <UniqueIdentifier>{d76301c3-ad97-4754-92e9-3cac5c8c5ab2}</UniqueIdentifier>
    </Filter>
  </ItemGroup>
  <ItemGroup>
    <None Include="ReadMe.txt" />
    <None Include="res\nav_large.bmp">
      <Filter>Resource Files</Filter>
    </None>
    <None Include="res\nav_large_hc.bmp">
      <Filter>Resource Files</Filter>
    </None>
    <None Include="res\pages.bmp">
      <Filter>Resource Files</Filter>
    </None>
    <None Include="res\pages_hc.bmp">
      <Filter>Resource Files</Filter>
    </None>
    <None Include="res\pages_small.bmp">
      <Filter>Resource Files</Filter>
    </None>
    <None Include="res\pages_small_hc.bmp">
      <Filter>Resource Files</Filter>
    </None>
    <None Include="res\AquaManagerV22.rc2">
      <Filter>Resource Files</Filter>
    </None>
    <None Include="res\AquaManager-V2.2Doc.ico">
      <Filter>Resource Files</Filter>
    </None>
    <None Include="res\AquaManager-V2.2.ico">
      <Filter>Resource Files</Filter>
    </None>
    <None Include="res\Toolbar.bmp">
      <Filter>Resource Files</Filter>
    </None>
    <None Include="res\Toolbar256.bmp">
      <Filter>Resource Files</Filter>
    </None>
    <None Include="res\settings.ico">
      <Filter>Resource Files</Filter>
    </None>
    <None Include="packages.config" />
  </ItemGroup>
  <ItemGroup>
    <ClInclude Include="AquaManager-V2.2.h">
      <Filter>Header Files</Filter>
    </ClInclude>
    <ClInclude Include="stdafx.h">
      <Filter>Header Files</Filter>
    </ClInclude>
    <ClInclude Include="targetver.h">
      <Filter>Header Files</Filter>
    </ClInclude>
    <ClInclude Include="MainFrm.h">
      <Filter>Header Files</Filter>
    </ClInclude>
    <ClInclude Include="ChildFrm.h">
      <Filter>Header Files</Filter>
    </ClInclude>
    <ClInclude Include="AquaManager-V2.2Doc.h">
      <Filter>Header Files</Filter>
    </ClInclude>
    <ClInclude Include="AquaManager-V2.2View.h">
      <Filter>Header Files</Filter>
    </ClInclude>
    <ClInclude Include="Resource.h">
      <Filter>Header Files</Filter>
    </ClInclude>
    <ClInclude Include="Device.h">
      <Filter>Header Files</Filter>
    </ClInclude>
    <ClInclude Include="Geofence.h">
      <Filter>Header Files</Filter>
    </ClInclude>
    <ClInclude Include="Notification.h">
      <Filter>Header Files</Filter>
    </ClInclude>
    <ClInclude Include="ColorListCtrol.h">
      <Filter>Header Files</Filter>
    </ClInclude>
    <ClInclude Include="ColorHeaderCtrl.h">
      <Filter>Header Files</Filter>
    </ClInclude>
    <ClInclude Include="Test.h">
      <Filter>Header Files</Filter>
    </ClInclude>
    <ClInclude Include="DlgAddDevice.h">
      <Filter>Header Files</Filter>
    </ClInclude>
    <ClInclude Include="AquaLib.h">
      <Filter>Header Files</Filter>
    </ClInclude>
    <ClInclude Include="include\json\allocator.h">
      <Filter>Header Files\include\json</Filter>
    </ClInclude>
    <ClInclude Include="include\json\assertions.h">
      <Filter>Header Files\include\json</Filter>
    </ClInclude>
    <ClInclude Include="include\json\autolink.h">
      <Filter>Header Files\include\json</Filter>
    </ClInclude>
    <ClInclude Include="include\json\config.h">
      <Filter>Header Files\include\json</Filter>
    </ClInclude>
    <ClInclude Include="include\json\features.h">
      <Filter>Header Files\include\json</Filter>
    </ClInclude>
    <ClInclude Include="include\json\forwards.h">
      <Filter>Header Files\include\json</Filter>
    </ClInclude>
    <ClInclude Include="include\json\json.h">
      <Filter>Header Files\include\json</Filter>
    </ClInclude>
    <ClInclude Include="include\json\reader.h">
      <Filter>Header Files\include\json</Filter>
    </ClInclude>
    <ClInclude Include="include\json\value.h">
      <Filter>Header Files\include\json</Filter>
    </ClInclude>
    <ClInclude Include="include\json\version.h">
      <Filter>Header Files\include\json</Filter>
    </ClInclude>
    <ClInclude Include="include\json\writer.h">
      <Filter>Header Files\include\json</Filter>
    </ClInclude>
    <ClInclude Include="DlgConfigureDevice.h">
      <Filter>Header Files</Filter>
    </ClInclude>
    <ClInclude Include="DlgNewNotify.h">
      <Filter>Header Files</Filter>
    </ClInclude>
    <ClInclude Include="DlgAddGeofence.h">
      <Filter>Header Files</Filter>
    </ClInclude>
    <ClInclude Include="AddCircle.h">
      <Filter>Header Files</Filter>
    </ClInclude>
    <ClInclude Include="AddPolygon.h">
      <Filter>Header Files</Filter>
    </ClInclude>
    <ClInclude Include="DeviceName.h">
      <Filter>Header Files</Filter>
    </ClInclude>
    <ClInclude Include="DeviceSettings.h">
      <Filter>Header Files</Filter>
    </ClInclude>
    <ClInclude Include="DeviceRawData.h">
      <Filter>Header Files</Filter>
    </ClInclude>
    <ClInclude Include="DeviceRemove.h">
      <Filter>Header Files</Filter>
    </ClInclude>
  </ItemGroup>
  <ItemGroup>
    <ClCompile Include="AquaManager-V2.2.cpp">
      <Filter>Source Files</Filter>
    </ClCompile>
    <ClCompile Include="stdafx.cpp">
      <Filter>Source Files</Filter>
    </ClCompile>
    <ClCompile Include="MainFrm.cpp">
      <Filter>Source Files</Filter>
    </ClCompile>
    <ClCompile Include="ChildFrm.cpp">
      <Filter>Source Files</Filter>
    </ClCompile>
    <ClCompile Include="AquaManager-V2.2Doc.cpp">
      <Filter>Source Files</Filter>
    </ClCompile>
    <ClCompile Include="AquaManager-V2.2View.cpp">
      <Filter>Source Files</Filter>
    </ClCompile>
    <ClCompile Include="Device.cpp">
      <Filter>Source Files</Filter>
    </ClCompile>
    <ClCompile Include="Geofence.cpp">
      <Filter>Source Files</Filter>
    </ClCompile>
    <ClCompile Include="Notification.cpp">
      <Filter>Source Files</Filter>
    </ClCompile>
    <ClCompile Include="ColorListCtrol.cpp">
      <Filter>Source Files</Filter>
    </ClCompile>
    <ClCompile Include="ColorHeaderCtrl.cpp">
      <Filter>Source Files</Filter>
    </ClCompile>
    <ClCompile Include="Test.cpp">
      <Filter>Source Files</Filter>
    </ClCompile>
    <ClCompile Include="DlgAddDevice.cpp">
      <Filter>Source Files</Filter>
    </ClCompile>
    <ClCompile Include="AquaLib.cpp">
      <Filter>Source Files</Filter>
    </ClCompile>
    <ClCompile Include="DlgConfigureDevice.cpp">
      <Filter>Source Files</Filter>
    </ClCompile>
    <ClCompile Include="DlgNewNotify.cpp">
      <Filter>Source Files</Filter>
    </ClCompile>
    <ClCompile Include="DlgAddGeofence.cpp">
      <Filter>Source Files</Filter>
    </ClCompile>
    <ClCompile Include="AddCircle.cpp">
      <Filter>Source Files</Filter>
    </ClCompile>
    <ClCompile Include="AddPolygon.cpp">
      <Filter>Source Files</Filter>
    </ClCompile>
    <ClCompile Include="DeviceName.cpp">
      <Filter>Source Files</Filter>
    </ClCompile>
    <ClCompile Include="DeviceSettings.cpp">
      <Filter>Source Files</Filter>
    </ClCompile>
    <ClCompile Include="DeviceRawData.cpp">
      <Filter>Source Files</Filter>
    </ClCompile>
    <ClCompile Include="DeviceRemove.cpp">
      <Filter>Source Files</Filter>
    </ClCompile>
  </ItemGroup>
  <ItemGroup>
    <ResourceCompile Include="AquaManager-V2.2.rc">
      <Filter>Resource Files</Filter>
    </ResourceCompile>
  </ItemGroup>
  <ItemGroup>
    <Library Include="lib_json.lib" />
  </ItemGroup>
</Project>